
Microsoft Visual Studio Solution File, Format Version 12.00
# Visual Studio Version 17
VisualStudioVersion = 17.0.32014.148
MinimumVisualStudioVersion = 10.0.40219.1
Project("{FAE04EC0-301F-11D3-BF4B-00C04F79EFBC}") = "kdyf.operations", "kdyf.operations.csproj", "{443CB2EB-69B5-4062-80FD-69F46A341E16}"
EndProject
Global
	GlobalSection(SolutionConfigurationPlatforms) = preSolution
		Debug|Any CPU = Debug|Any CPU
		Release|Any CPU = Release|Any CPU
	EndGlobalSection
	GlobalSection(ProjectConfigurationPlatforms) = postSolution
		{443CB2EB-69B5-4062-80FD-69F46A341E16}.Debug|Any CPU.ActiveCfg = Debug|Any CPU
		{443CB2EB-69B5-4062-80FD-69F46A341E16}.Debug|Any CPU.Build.0 = Debug|Any CPU
		{443CB2EB-69B5-4062-80FD-69F46A341E16}.Release|Any CPU.ActiveCfg = Release|Any CPU
		{443CB2EB-69B5-4062-80FD-69F46A341E16}.Release|Any CPU.Build.0 = Release|Any CPU
	EndGlobalSection
	GlobalSection(SolutionProperties) = preSolution
		HideSolutionNode = FALSE
	EndGlobalSection
	GlobalSection(ExtensibilityGlobals) = postSolution
		SolutionGuid = {3046683F-DB41-40EC-8571-154B1FFDFE9A}
	EndGlobalSection
EndGlobal
